
Microsoft Visual Studio Solution File, Format Version 12.00
# Visual Studio Version 16
VisualStudioVersion = 16.0.32602.291
MinimumVisualStudioVersion = 10.0.40219.1
Project("{F184B08F-C81C-45F6-A57F-5ABD9991F28F}") = "Point_of_Sales_Caffe", "Point_of_Sales_Caffe\Point_of_Sales_Caffe.vbproj", "{6517BF20-A487-4623-8ECA-E05CA122B31B}"
EndProject
Global
	GlobalSection(SolutionConfigurationPlatforms) = preSolution
		Debug|Any CPU = Debug|Any CPU
		Release|Any CPU = Release|Any CPU
	EndGlobalSection
	GlobalSection(ProjectConfigurationPlatforms) = postSolution
		{6517BF20-A487-4623-8ECA-E05CA122B31B}.Debug|Any CPU.ActiveCfg = Debug|Any CPU
		{6517BF20-A487-4623-8ECA-E05CA122B31B}.Debug|Any CPU.Build.0 = Debug|Any CPU
		{6517BF20-A487-4623-8ECA-E05CA122B31B}.Release|Any CPU.ActiveCfg = Release|Any CPU
		{6517BF20-A487-4623-8ECA-E05CA122B31B}.Release|Any CPU.Build.0 = Release|Any CPU
	EndGlobalSection
	GlobalSection(SolutionProperties) = preSolution
		HideSolutionNode = FALSE
	EndGlobalSection
	GlobalSection(ExtensibilityGlobals) = postSolution
		SolutionGuid = {8929D81E-82A9-4B05-A64F-A4D942EB2661}
	EndGlobalSection
EndGlobal
